
Microsoft Visual Studio Solution File, Format Version 12.00
# Visual Studio 14
VisualStudioVersion = 14.0.25420.1
MinimumVisualStudioVersion = 10.0.40219.1
Project("{8BC9CEB8-8B4A-11D0-8D11-00A0C91BC942}") = "Multiplayer RTS", "Multiplayer RTS.vcxproj", "{42D6D12A-8540-4FE0-90DD-CA90D6F042A3}"
EndProject
Project("{8BC9CEB8-8B4A-11D0-8D11-00A0C91BC942}") = "Server", "Server.vcxproj", "{310F3FD7-4681-4D1E-9CE3-BC28FB82BA54}"
EndProject
Project("{2150E333-8FDC-42A3-9474-1A3956D46DE8}") = "Resources", "Resources", "{4F459AC9-C6AB-487B-9591-F6C63C8992B3}"
EndProject
Project("{2150E333-8FDC-42A3-9474-1A3956D46DE8}") = "entities", "entities", "{48E99BC3-795E-44E2-8A41-E2A206070E5A}"
	ProjectSection(SolutionItems) = preProject
		resources\entities\bullet.lua = resources\entities\bullet.lua
		resources\entities\test.lua = resources\entities\test.lua
	EndProjectSection
EndProject
Project("{2150E333-8FDC-42A3-9474-1A3956D46DE8}") = "webui", "webui", "{4CDB0279-5727-4074-8310-04C2480CB604}"
	ProjectSection(SolutionItems) = preProject
		resources\webui\index.html = resources\webui\index.html
	EndProjectSection
EndProject
Project("{2150E333-8FDC-42A3-9474-1A3956D46DE8}") = "css", "css", "{B91153EF-C340-4F7B-A256-CF3CA3B0CCF4}"
	ProjectSection(SolutionItems) = preProject
		resources\webui\css\styles.css = resources\webui\css\styles.css
		resources\webui\css\styles.scss = resources\webui\css\styles.scss
	EndProjectSection
EndProject
Project("{2150E333-8FDC-42A3-9474-1A3956D46DE8}") = "js", "js", "{F829E7EC-D49A-435B-B37F-F0C8F03B70E6}"
	ProjectSection(SolutionItems) = preProject
		resources\webui\js\game.js = resources\webui\js\game.js
	EndProjectSection
EndProject
Project("{2150E333-8FDC-42A3-9474-1A3956D46DE8}") = "shaders", "shaders", "{2553BE88-2C20-4BE8-BA57-5ABA91A5AC6B}"
	ProjectSection(SolutionItems) = preProject
		resources\shaders\unit.frag = resources\shaders\unit.frag
		resources\shaders\unit.vert = resources\shaders\unit.vert
	EndProjectSection
EndProject
Project("{2150E333-8FDC-42A3-9474-1A3956D46DE8}") = "scripts", "scripts", "{08B08B71-5868-4243-902F-009DDB118EBF}"
	ProjectSection(SolutionItems) = preProject
		resources\scripts\stateManager.lua = resources\scripts\stateManager.lua
		resources\scripts\states.lua = resources\scripts\states.lua
	EndProjectSection
EndProject
Global
	GlobalSection(SolutionConfigurationPlatforms) = preSolution
		Debug|x86 = Debug|x86
		Release|x86 = Release|x86
	EndGlobalSection
	GlobalSection(ProjectConfigurationPlatforms) = postSolution
		{42D6D12A-8540-4FE0-90DD-CA90D6F042A3}.Debug|x86.ActiveCfg = Debug|Win32
		{42D6D12A-8540-4FE0-90DD-CA90D6F042A3}.Debug|x86.Build.0 = Debug|Win32
		{42D6D12A-8540-4FE0-90DD-CA90D6F042A3}.Release|x86.ActiveCfg = Release|Win32
		{42D6D12A-8540-4FE0-90DD-CA90D6F042A3}.Release|x86.Build.0 = Release|Win32
		{310F3FD7-4681-4D1E-9CE3-BC28FB82BA54}.Debug|x86.ActiveCfg = Debug|Win32
		{310F3FD7-4681-4D1E-9CE3-BC28FB82BA54}.Debug|x86.Build.0 = Debug|Win32
		{310F3FD7-4681-4D1E-9CE3-BC28FB82BA54}.Release|x86.ActiveCfg = Release|Win32
		{310F3FD7-4681-4D1E-9CE3-BC28FB82BA54}.Release|x86.Build.0 = Release|Win32
	EndGlobalSection
	GlobalSection(SolutionProperties) = preSolution
		HideSolutionNode = FALSE
	EndGlobalSection
	GlobalSection(NestedProjects) = preSolution
		{48E99BC3-795E-44E2-8A41-E2A206070E5A} = {4F459AC9-C6AB-487B-9591-F6C63C8992B3}
		{4CDB0279-5727-4074-8310-04C2480CB604} = {4F459AC9-C6AB-487B-9591-F6C63C8992B3}
		{B91153EF-C340-4F7B-A256-CF3CA3B0CCF4} = {4CDB0279-5727-4074-8310-04C2480CB604}
		{F829E7EC-D49A-435B-B37F-F0C8F03B70E6} = {4CDB0279-5727-4074-8310-04C2480CB604}
		{2553BE88-2C20-4BE8-BA57-5ABA91A5AC6B} = {4F459AC9-C6AB-487B-9591-F6C63C8992B3}
		{08B08B71-5868-4243-902F-009DDB118EBF} = {4F459AC9-C6AB-487B-9591-F6C63C8992B3}
	EndGlobalSection
EndGlobal
