<?xml version="1.0" encoding="utf-8"?>
<Project ToolsVersion="4.0" xmlns="http://schemas.microsoft.com/developer/msbuild/2003">
  <ItemGroup>
    <Filter Include="Source Files">
      <UniqueIdentifier>{4FC737F1-C7A5-4376-A066-2A32D752A2FF}</UniqueIdentifier>
      <Extensions>cpp;c;cc;cxx;def;odl;idl;hpj;bat;asm;asmx</Extensions>
    </Filter>
    <Filter Include="Header Files">
      <UniqueIdentifier>{93995380-89BD-4b04-88EB-625FBE52EBFB}</UniqueIdentifier>
      <Extensions>h;hh;hpp;hxx;hm;inl;inc;xsd</Extensions>
    </Filter>
    <Filter Include="Resource Files">
      <UniqueIdentifier>{67DA6AB6-F800-4c08-8B7A-83BB121AAD01}</UniqueIdentifier>
      <Extensions>rc;ico;cur;bmp;dlg;rc2;rct;bin;rgs;gif;jpg;jpeg;jpe;resx;tiff;tif;png;wav;mfcribbon-ms</Extensions>
    </Filter>
  </ItemGroup>
  <ItemGroup>
    <ClInclude Include="include\communicator.h">
      <Filter>Header Files</Filter>
    </ClInclude>
    <ClInclude Include="include\componentBase.h">
      <Filter>Header Files</Filter>
    </ClInclude>
    <ClInclude Include="include\componentCollision.h">
      <Filter>Header Files</Filter>
    </ClInclude>
    <ClInclude Include="include\componentGraphics.h">
      <Filter>Header Files</Filter>
    </ClInclude>
    <ClInclude Include="include\componentPosition.h">
      <Filter>Header Files</Filter>
    </ClInclude>
    <ClInclude Include="include\entity.h">
      <Filter>Header Files</Filter>
    </ClInclude>
    <ClInclude Include="include\entityEvents.h">
      <Filter>Header Files</Filter>
    </ClInclude>
    <ClInclude Include="include\entityManager.h">
      <Filter>Header Files</Filter>
    </ClInclude>
    <ClInclude Include="include\entityMessages.h">
      <Filter>Header Files</Filter>
    </ClInclude>
    <ClInclude Include="include\eventQueue.h">
      <Filter>Header Files</Filter>
    </ClInclude>
    <ClInclude Include="include\logger.h">
      <Filter>Header Files</Filter>
    </ClInclude>
    <ClInclude Include="include\luaHelperFunctions.h">
      <Filter>Header Files</Filter>
    </ClInclude>
    <ClInclude Include="include\message.h">
      <Filter>Header Files</Filter>
    </ClInclude>
    <ClInclude Include="include\messageHandler.h">
      <Filter>Header Files</Filter>
    </ClInclude>
    <ClInclude Include="include\networkSpecifics.h">
      <Filter>Header Files</Filter>
    </ClInclude>
    <ClInclude Include="include\observer.h">
      <Filter>Header Files</Filter>
    </ClInclude>
    <ClInclude Include="include\packetTypes.h">
      <Filter>Header Files</Filter>
    </ClInclude>
    <ClInclude Include="include\stateBase.h">
      <Filter>Header Files</Filter>
    </ClInclude>
    <ClInclude Include="include\stateManager.h">
      <Filter>Header Files</Filter>
    </ClInclude>
    <ClInclude Include="include\systemBase.h">
      <Filter>Header Files</Filter>
    </ClInclude>
    <ClInclude Include="include\systemManager.h">
      <Filter>Header Files</Filter>
    </ClInclude>
    <ClInclude Include="include\client\client.h">
      <Filter>Header Files</Filter>
    </ClInclude>
    <ClInclude Include="include\client\game.h">
      <Filter>Header Files</Filter>
    </ClInclude>
    <ClInclude Include="include\client\glTextureSurface.h">
      <Filter>Header Files</Filter>
    </ClInclude>
    <ClInclude Include="include\client\inputForwarder.h">
      <Filter>Header Files</Filter>
    </ClInclude>
    <ClInclude Include="include\client\sharedContext.h">
      <Filter>Header Files</Filter>
    </ClInclude>
    <ClInclude Include="include\client\stateIntro.h">
      <Filter>Header Files</Filter>
    </ClInclude>
    <ClInclude Include="include\client\stateMainMenu.h">
      <Filter>Header Files</Filter>
    </ClInclude>
    <ClInclude Include="include\client\systemRender.h">
      <Filter>Header Files</Filter>
    </ClInclude>
    <ClInclude Include="include\client\userInterface.h">
      <Filter>Header Files</Filter>
    </ClInclude>
    <ClInclude Include="include\client\window.h">
      <Filter>Header Files</Filter>
    </ClInclude>
    <ClInclude Include="include\client\statePlaying.h">
      <Filter>Header Files</Filter>
    </ClInclude>
    <ClInclude Include="include\client\stateLoading.h">
      <Filter>Header Files</Filter>
    </ClInclude>
    <ClInclude Include="include\componentMovement.h">
      <Filter>Header Files</Filter>
    </ClInclude>
    <ClInclude Include="include\mathFuncs.h">
      <Filter>Header Files</Filter>
    </ClInclude>
    <ClInclude Include="include\componentSelect.h">
      <Filter>Header Files</Filter>
    </ClInclude>
    <ClInclude Include="include\client\systemMouse.h">
      <Filter>Header Files</Filter>
    </ClInclude>
    <ClInclude Include="include\client\resourceManager.h">
      <Filter>Header Files</Filter>
    </ClInclude>
    <ClInclude Include="include\client\keyboard.h">
      <Filter>Header Files</Filter>
    </ClInclude>
    <ClInclude Include="include\client\gl.hpp">
      <Filter>Header Files</Filter>
    </ClInclude>
    <ClInclude Include="include\componentState.h">
      <Filter>Header Files</Filter>
    </ClInclude>
    <ClInclude Include="include\client\shader.h">
      <Filter>Header Files</Filter>
    </ClInclude>
    <ClInclude Include="include\quadTree.h">
      <Filter>Header Files</Filter>
    </ClInclude>
    <ClInclude Include="include\systemCollision.h">
      <Filter>Header Files</Filter>
    </ClInclude>
    <ClInclude Include="include\componentWeapon.h">
      <Filter>Header Files</Filter>
    </ClInclude>
    <ClInclude Include="include\components.h">
      <Filter>Header Files</Filter>
    </ClInclude>
  </ItemGroup>
  <ItemGroup>
    <ClCompile Include="source\componentCollision.cpp">
      <Filter>Source Files</Filter>
    </ClCompile>
    <ClCompile Include="source\componentGraphics.cpp">
      <Filter>Source Files</Filter>
    </ClCompile>
    <ClCompile Include="source\componentPosition.cpp">
      <Filter>Source Files</Filter>
    </ClCompile>
    <ClCompile Include="source\entityManager.cpp">
      <Filter>Source Files</Filter>
    </ClCompile>
    <ClCompile Include="source\luaHelperFunctions.cpp">
      <Filter>Source Files</Filter>
    </ClCompile>
    <ClCompile Include="source\packetTypes.cpp">
      <Filter>Source Files</Filter>
    </ClCompile>
    <ClCompile Include="source\stateManager.cpp">
      <Filter>Source Files</Filter>
    </ClCompile>
    <ClCompile Include="source\systemManager.cpp">
      <Filter>Source Files</Filter>
    </ClCompile>
    <ClCompile Include="source\client\client.cpp">
      <Filter>Source Files</Filter>
    </ClCompile>
    <ClCompile Include="source\client\game.cpp">
      <Filter>Source Files</Filter>
    </ClCompile>
    <ClCompile Include="source\client\glTextureSurface.cpp">
      <Filter>Source Files</Filter>
    </ClCompile>
    <ClCompile Include="source\client\inputForwarder.cpp">
      <Filter>Source Files</Filter>
    </ClCompile>
    <ClCompile Include="source\client\main.cpp">
      <Filter>Source Files</Filter>
    </ClCompile>
    <ClCompile Include="source\client\stateIntro.cpp">
      <Filter>Source Files</Filter>
    </ClCompile>
    <ClCompile Include="source\client\stateMainMenu.cpp">
      <Filter>Source Files</Filter>
    </ClCompile>
    <ClCompile Include="source\client\systemRender.cpp">
      <Filter>Source Files</Filter>
    </ClCompile>
    <ClCompile Include="source\client\userInterface.cpp">
      <Filter>Source Files</Filter>
    </ClCompile>
    <ClCompile Include="source\client\window.cpp">
      <Filter>Source Files</Filter>
    </ClCompile>
    <ClCompile Include="source\client\statePlaying.cpp">
      <Filter>Source Files</Filter>
    </ClCompile>
    <ClCompile Include="source\client\stateLoading.cpp">
      <Filter>Source Files</Filter>
    </ClCompile>
    <ClCompile Include="source\componentMovement.cpp">
      <Filter>Source Files</Filter>
    </ClCompile>
    <ClCompile Include="source\componentSelect.cpp">
      <Filter>Source Files</Filter>
    </ClCompile>
    <ClCompile Include="source\client\systemMouse.cpp">
      <Filter>Source Files</Filter>
    </ClCompile>
    <ClCompile Include="source\communicator.cpp">
      <Filter>Source Files</Filter>
    </ClCompile>
    <ClCompile Include="source\messageHandler.cpp">
      <Filter>Source Files</Filter>
    </ClCompile>
    <ClCompile Include="source\client\keyboard.cpp">
      <Filter>Source Files</Filter>
    </ClCompile>
    <ClCompile Include="source\client\gl.cpp">
      <Filter>Source Files</Filter>
    </ClCompile>
    <ClCompile Include="source\componentState.cpp">
      <Filter>Source Files</Filter>
    </ClCompile>
    <ClCompile Include="source\client\shader.cpp">
      <Filter>Source Files</Filter>
    </ClCompile>
    <ClCompile Include="source\quadTree.cpp">
      <Filter>Source Files</Filter>
    </ClCompile>
    <ClCompile Include="source\systemCollision.cpp">
      <Filter>Source Files</Filter>
    </ClCompile>
    <ClCompile Include="source\componentWeapon.cpp">
      <Filter>Source Files</Filter>
    </ClCompile>
  </ItemGroup>
</Project>