<?xml version="1.0" encoding="utf-8"?>
<Project ToolsVersion="4.0" xmlns="http://schemas.microsoft.com/developer/msbuild/2003">
  <ItemGroup>
    <Filter Include="Source Files">
      <UniqueIdentifier>{4FC737F1-C7A5-4376-A066-2A32D752A2FF}</UniqueIdentifier>
      <Extensions>cpp;c;cc;cxx;def;odl;idl;hpj;bat;asm;asmx</Extensions>
    </Filter>
    <Filter Include="Header Files">
      <UniqueIdentifier>{93995380-89BD-4b04-88EB-625FBE52EBFB}</UniqueIdentifier>
      <Extensions>h;hh;hpp;hxx;hm;inl;inc;xsd</Extensions>
    </Filter>
    <Filter Include="Resource Files">
      <UniqueIdentifier>{67DA6AB6-F800-4c08-8B7A-83BB121AAD01}</UniqueIdentifier>
      <Extensions>rc;ico;cur;bmp;dlg;rc2;rct;bin;rgs;gif;jpg;jpeg;jpe;resx;tiff;tif;png;wav;mfcribbon-ms</Extensions>
    </Filter>
  </ItemGroup>
  <ItemGroup>
    <ClInclude Include="include\communicator.h">
      <Filter>Header Files</Filter>
    </ClInclude>
    <ClInclude Include="include\componentBase.h">
      <Filter>Header Files</Filter>
    </ClInclude>
    <ClInclude Include="include\componentCollision.h">
      <Filter>Header Files</Filter>
    </ClInclude>
    <ClInclude Include="include\componentGraphics.h">
      <Filter>Header Files</Filter>
    </ClInclude>
    <ClInclude Include="include\componentPosition.h">
      <Filter>Header Files</Filter>
    </ClInclude>
    <ClInclude Include="include\entity.h">
      <Filter>Header Files</Filter>
    </ClInclude>
    <ClInclude Include="include\entityEvents.h">
      <Filter>Header Files</Filter>
    </ClInclude>
    <ClInclude Include="include\entityManager.h">
      <Filter>Header Files</Filter>
    </ClInclude>
    <ClInclude Include="include\entityMessages.h">
      <Filter>Header Files</Filter>
    </ClInclude>
    <ClInclude Include="include\eventQueue.h">
      <Filter>Header Files</Filter>
    </ClInclude>
    <ClInclude Include="include\logger.h">
      <Filter>Header Files</Filter>
    </ClInclude>
    <ClInclude Include="include\luaHelperFunctions.h">
      <Filter>Header Files</Filter>
    </ClInclude>
    <ClInclude Include="include\message.h">
      <Filter>Header Files</Filter>
    </ClInclude>
    <ClInclude Include="include\messageHandler.h">
      <Filter>Header Files</Filter>
    </ClInclude>
    <ClInclude Include="include\networkSpecifics.h">
      <Filter>Header Files</Filter>
    </ClInclude>
    <ClInclude Include="include\observer.h">
      <Filter>Header Files</Filter>
    </ClInclude>
    <ClInclude Include="include\packetTypes.h">
      <Filter>Header Files</Filter>
    </ClInclude>
    <ClInclude Include="include\stateBase.h">
      <Filter>Header Files</Filter>
    </ClInclude>
    <ClInclude Include="include\stateManager.h">
      <Filter>Header Files</Filter>
    </ClInclude>
    <ClInclude Include="include\systemBase.h">
      <Filter>Header Files</Filter>
    </ClInclude>
    <ClInclude Include="include\systemManager.h">
      <Filter>Header Files</Filter>
    </ClInclude>
    <ClInclude Include="include\server\gameServer.h">
      <Filter>Header Files</Filter>
    </ClInclude>
    <ClInclude Include="include\server\sharedContext.h">
      <Filter>Header Files</Filter>
    </ClInclude>
    <ClInclude Include="include\server\stateLobby.h">
      <Filter>Header Files</Filter>
    </ClInclude>
    <ClInclude Include="include\server\statePlaying.h">
      <Filter>Header Files</Filter>
    </ClInclude>
    <ClInclude Include="include\server\server.h">
      <Filter>Header Files</Filter>
    </ClInclude>
    <ClInclude Include="include\server\systemMovement.h">
      <Filter>Header Files</Filter>
    </ClInclude>
    <ClInclude Include="include\componentMovement.h">
      <Filter>Header Files</Filter>
    </ClInclude>
    <ClInclude Include="include\mathFuncs.h">
      <Filter>Header Files</Filter>
    </ClInclude>
    <ClInclude Include="include\componentSelect.h">
      <Filter>Header Files</Filter>
    </ClInclude>
  </ItemGroup>
  <ItemGroup>
    <ClCompile Include="source\componentCollision.cpp">
      <Filter>Source Files</Filter>
    </ClCompile>
    <ClCompile Include="source\componentGraphics.cpp">
      <Filter>Source Files</Filter>
    </ClCompile>
    <ClCompile Include="source\componentPosition.cpp">
      <Filter>Source Files</Filter>
    </ClCompile>
    <ClCompile Include="source\entityManager.cpp">
      <Filter>Source Files</Filter>
    </ClCompile>
    <ClCompile Include="source\luaHelperFunctions.cpp">
      <Filter>Source Files</Filter>
    </ClCompile>
    <ClCompile Include="source\packetTypes.cpp">
      <Filter>Source Files</Filter>
    </ClCompile>
    <ClCompile Include="source\stateManager.cpp">
      <Filter>Source Files</Filter>
    </ClCompile>
    <ClCompile Include="source\systemManager.cpp">
      <Filter>Source Files</Filter>
    </ClCompile>
    <ClCompile Include="source\server\main.cpp">
      <Filter>Source Files</Filter>
    </ClCompile>
    <ClCompile Include="source\server\gameServer.cpp">
      <Filter>Source Files</Filter>
    </ClCompile>
    <ClCompile Include="source\server\stateLobby.cpp">
      <Filter>Source Files</Filter>
    </ClCompile>
    <ClCompile Include="source\server\statePlaying.cpp">
      <Filter>Source Files</Filter>
    </ClCompile>
    <ClCompile Include="source\server\server.cpp">
      <Filter>Source Files</Filter>
    </ClCompile>
    <ClCompile Include="source\server\systemMovement.cpp">
      <Filter>Source Files</Filter>
    </ClCompile>
    <ClCompile Include="source\componentMovement.cpp">
      <Filter>Source Files</Filter>
    </ClCompile>
    <ClCompile Include="source\componentSelect.cpp">
      <Filter>Source Files</Filter>
    </ClCompile>
    <ClCompile Include="source\communicator.cpp">
      <Filter>Source Files</Filter>
    </ClCompile>
    <ClCompile Include="source\messageHandler.cpp">
      <Filter>Source Files</Filter>
    </ClCompile>
  </ItemGroup>
</Project>